
Microsoft Visual Studio Solution File, Format Version 12.00
Project("{2150E333-8FDC-42A3-9474-1A3956D46DE8}") = "Frontend", "Frontend", "{9706A619-DB55-488B-B632-5AEE2D2869EB}"
EndProject
Project("{2150E333-8FDC-42A3-9474-1A3956D46DE8}") = "Gateway", "Gateway", "{A2798CE4-2187-4185-B9BB-319C19F7C6FB}"
EndProject
Project("{2150E333-8FDC-42A3-9474-1A3956D46DE8}") = "Integration", "Integration", "{90B1B5CD-3B62-449C-8FA2-E6748F07C266}"
EndProject
Project("{2150E333-8FDC-42A3-9474-1A3956D46DE8}") = "Services", "Services", "{17C34322-B99B-4837-A2B7-89B8B8883226}"
EndProject
Project("{FAE04EC0-301F-11D3-BF4B-00C04F79EFBC}") = "MCCommerce.Services.CouponAPI", "MCCommerce.Services.CouponAPI\MCCommerce.Services.CouponAPI.csproj", "{FDBB356F-DC58-4EA4-9787-E8E32210986A}"
EndProject
Global
	GlobalSection(SolutionConfigurationPlatforms) = preSolution
		Debug|Any CPU = Debug|Any CPU
		Release|Any CPU = Release|Any CPU
	EndGlobalSection
	GlobalSection(ProjectConfigurationPlatforms) = postSolution
		{FDBB356F-DC58-4EA4-9787-E8E32210986A}.Debug|Any CPU.ActiveCfg = Debug|Any CPU
		{FDBB356F-DC58-4EA4-9787-E8E32210986A}.Debug|Any CPU.Build.0 = Debug|Any CPU
		{FDBB356F-DC58-4EA4-9787-E8E32210986A}.Release|Any CPU.ActiveCfg = Release|Any CPU
		{FDBB356F-DC58-4EA4-9787-E8E32210986A}.Release|Any CPU.Build.0 = Release|Any CPU
	EndGlobalSection
	GlobalSection(NestedProjects) = preSolution
		{FDBB356F-DC58-4EA4-9787-E8E32210986A} = {17C34322-B99B-4837-A2B7-89B8B8883226}
	EndGlobalSection
EndGlobal
